// !$*UTF8*$!
{
	archiveVersion = 1;
	classes = {
	};
	objectVersion = 46;
	objects = {

/* Begin PBXBuildFile section */
		066C046B50AD417AA702705B /* TNSGauge.framework in Frameworks */ = {isa = PBXBuildFile; fileRef = EE03FEF3326241C2800295F4 /* TNSGauge.framework */; };
		0BC97AB3FDE349F4A18556B7 /* TNSAutoComplete.framework in Embed Frameworks */ = {isa = PBXBuildFile; fileRef = 029B43FDDE6B4FA7A2CF5D6C /* TNSAutoComplete.framework */; settings = {ATTRIBUTES = (CodeSignOnCopy, RemoveHeadersOnCopy, ); }; };
		0C58EAB0433D4B7EA9E7E7E9 /* navigation in Resources */ = {isa = PBXBuildFile; fileRef = 96190297A83A456C9991B406 /* navigation */; };
		0D8ED3A901AC46CC9FDCA7E9 /* TNSSideDrawer.framework in Frameworks */ = {isa = PBXBuildFile; fileRef = D29FE2C0BEF745A4BAE7DC6F /* TNSSideDrawer.framework */; };
		19CD2730ADE845B6A9B9A822 /* TNSSideDrawer.framework in Embed Frameworks */ = {isa = PBXBuildFile; fileRef = D29FE2C0BEF745A4BAE7DC6F /* TNSSideDrawer.framework */; settings = {ATTRIBUTES = (CodeSignOnCopy, RemoveHeadersOnCopy, ); }; };
		2BDBB06C31D946E191DEC33F /* TelerikAppFeedback.framework in Embed Frameworks */ = {isa = PBXBuildFile; fileRef = B0C57A2D28714723B92D90C5 /* TelerikAppFeedback.framework */; settings = {ATTRIBUTES = (CodeSignOnCopy, RemoveHeadersOnCopy, ); }; };
		2CD2F51D93BE46599C2F4B47 /* shapp.entitlements in Resources */ = {isa = PBXBuildFile; fileRef = FCFE71571FEC48968AB62A42 /* shapp.entitlements */; };
		36BE7749CC1D48E1A9F8AA39 /* LaunchScreen.storyboard in Resources */ = {isa = PBXBuildFile; fileRef = E29BFBFE79694595BC1392DE /* LaunchScreen.storyboard */; };
		46AAF389CD9B4C709C244D42 /* TNSCore.framework in Embed Frameworks */ = {isa = PBXBuildFile; fileRef = CE107AFBE26046068621E9DE /* TNSCore.framework */; settings = {ATTRIBUTES = (CodeSignOnCopy, RemoveHeadersOnCopy, ); }; };
		5134A50723E045BB861A4795 /* TNSListView.framework in Frameworks */ = {isa = PBXBuildFile; fileRef = F4FA195FC8AB49BF834F9B39 /* TNSListView.framework */; };
		54219B90DF4C41D6BF473A72 /* TNSAutoComplete.framework in Frameworks */ = {isa = PBXBuildFile; fileRef = 029B43FDDE6B4FA7A2CF5D6C /* TNSAutoComplete.framework */; };
		699E0F5F8E264B03A5E56577 /* TNSDataForm.framework in Embed Frameworks */ = {isa = PBXBuildFile; fileRef = 93EC79CE01BF4C5785B10F74 /* TNSDataForm.framework */; settings = {ATTRIBUTES = (CodeSignOnCopy, RemoveHeadersOnCopy, ); }; };
		706D2A8F38F1476C9FF2E001 /* TNSListView.framework in Embed Frameworks */ = {isa = PBXBuildFile; fileRef = F4FA195FC8AB49BF834F9B39 /* TNSListView.framework */; settings = {ATTRIBUTES = (CodeSignOnCopy, RemoveHeadersOnCopy, ); }; };
		858B842D18CA22B800AB12DE /* InfoPlist.strings in Resources */ = {isa = PBXBuildFile; fileRef = 858B833A18CA111C00AB12DE /* InfoPlist.strings */; };
		888EC7EF6DD04AD8B9D0A422 /* Assets.xcassets in Resources */ = {isa = PBXBuildFile; fileRef = 6074EEB6CB244C0EBE4222F5 /* Assets.xcassets */; };
		8E2AE0500B1D4AAE85362A0D /* TNSChart.framework in Frameworks */ = {isa = PBXBuildFile; fileRef = 729E1AB071DE4DC287FA5B6C /* TNSChart.framework */; };
		90112BED024649A6B2CBC836 /* TNSCore.framework in Frameworks */ = {isa = PBXBuildFile; fileRef = CE107AFBE26046068621E9DE /* TNSCore.framework */; };
		9C5FCF428FC98BCCD8AB7220 /* Pods_shapp.framework in Frameworks */ = {isa = PBXBuildFile; fileRef = 706BC621C30DAAA216092A2C /* Pods_shapp.framework */; };
		9DB8CC29AD8B44B79B7DE275 /* TNSWidgets.framework in Embed Frameworks */ = {isa = PBXBuildFile; fileRef = FDE6E0639A8045C0A19F6715 /* TNSWidgets.framework */; settings = {ATTRIBUTES = (CodeSignOnCopy, RemoveHeadersOnCopy, ); }; };
		A1F825A2A2CC43E1A71079F6 /* TNSChart.framework in Embed Frameworks */ = {isa = PBXBuildFile; fileRef = 729E1AB071DE4DC287FA5B6C /* TNSChart.framework */; settings = {ATTRIBUTES = (CodeSignOnCopy, RemoveHeadersOnCopy, ); }; };
		AE68436234CF415BADDFC18A /* GoogleService-Info.plist in Resources */ = {isa = PBXBuildFile; fileRef = 0985E09959F94663AD81AFCE /* GoogleService-Info.plist */; };
		B2CFC61E922244EEB8B78F97 /* TNSCalendar.framework in Frameworks */ = {isa = PBXBuildFile; fileRef = 3D63EBBEEF6A4941AE72EE1B /* TNSCalendar.framework */; };
		B50F702A1E30483A9EDECBBD /* TNSGauge.framework in Embed Frameworks */ = {isa = PBXBuildFile; fileRef = EE03FEF3326241C2800295F4 /* TNSGauge.framework */; settings = {ATTRIBUTES = (CodeSignOnCopy, RemoveHeadersOnCopy, ); }; };
		BF4C0E566B92445EA41A9D88 /* TNSDataForm.framework in Frameworks */ = {isa = PBXBuildFile; fileRef = 93EC79CE01BF4C5785B10F74 /* TNSDataForm.framework */; };
		CD45EE7C18DC2D5800FB50C0 /* app in Resources */ = {isa = PBXBuildFile; fileRef = CD45EE7A18DC2D5800FB50C0 /* app */; };
		CD62955D1BB2678900AE3A93 /* main.m in Sources */ = {isa = PBXBuildFile; fileRef = CD62955C1BB2678900AE3A93 /* main.m */; };
		D3B46B75CBD445CC836F562A /* TNSWidgets.framework in Frameworks */ = {isa = PBXBuildFile; fileRef = FDE6E0639A8045C0A19F6715 /* TNSWidgets.framework */; };
		D4B7D7A8BAE2400889EAA113 /* TelerikAppFeedback.framework in Frameworks */ = {isa = PBXBuildFile; fileRef = B0C57A2D28714723B92D90C5 /* TelerikAppFeedback.framework */; };
		F0FF3A9A4AF94AE8AA5EA547 /* build.xcconfig in Resources */ = {isa = PBXBuildFile; fileRef = 348C0599AC0D47509A32E9D2 /* build.xcconfig */; };
		F1C5337A814649E58A810030 /* TNSCalendar.framework in Embed Frameworks */ = {isa = PBXBuildFile; fileRef = 3D63EBBEEF6A4941AE72EE1B /* TNSCalendar.framework */; settings = {ATTRIBUTES = (CodeSignOnCopy, RemoveHeadersOnCopy, ); }; };
/* End PBXBuildFile section */

/* Begin PBXCopyFilesBuildPhase section */
		85F5BDFC1A9363BE006B9701 /* Embed Frameworks */ = {
			isa = PBXCopyFilesBuildPhase;
			buildActionMask = 2147483647;
			dstPath = "";
			dstSubfolderSpec = 10;
			files = (
				0BC97AB3FDE349F4A18556B7 /* TNSAutoComplete.framework in Embed Frameworks */,
				F1C5337A814649E58A810030 /* TNSCalendar.framework in Embed Frameworks */,
				A1F825A2A2CC43E1A71079F6 /* TNSChart.framework in Embed Frameworks */,
				46AAF389CD9B4C709C244D42 /* TNSCore.framework in Embed Frameworks */,
				699E0F5F8E264B03A5E56577 /* TNSDataForm.framework in Embed Frameworks */,
				B50F702A1E30483A9EDECBBD /* TNSGauge.framework in Embed Frameworks */,
				706D2A8F38F1476C9FF2E001 /* TNSListView.framework in Embed Frameworks */,
				19CD2730ADE845B6A9B9A822 /* TNSSideDrawer.framework in Embed Frameworks */,
				2BDBB06C31D946E191DEC33F /* TelerikAppFeedback.framework in Embed Frameworks */,
				9DB8CC29AD8B44B79B7DE275 /* TNSWidgets.framework in Embed Frameworks */,
			);
			name = "Embed Frameworks";
			runOnlyForDeploymentPostprocessing = 0;
		};
/* End PBXCopyFilesBuildPhase section */

/* Begin PBXFileReference section */
		029B43FDDE6B4FA7A2CF5D6C /* TNSAutoComplete.framework */ = {isa = PBXFileReference; lastKnownFileType = wrapper.framework; name = TNSAutoComplete.framework; path = "$(SRCROOT)/../../node_modules/nativescript-pro-ui/platforms/ios/TNSAutoComplete.framework"; sourceTree = "<group>"; };
		0985E09959F94663AD81AFCE /* GoogleService-Info.plist */ = {isa = PBXFileReference; fileEncoding = 4; lastKnownFileType = unknown; name = "GoogleService-Info.plist"; path = "shapp/Resources/GoogleService-Info.plist"; sourceTree = "<group>"; };
		348C0599AC0D47509A32E9D2 /* build.xcconfig */ = {isa = PBXFileReference; fileEncoding = 4; lastKnownFileType = unknown; name = build.xcconfig; path = shapp/Resources/build.xcconfig; sourceTree = "<group>"; };
		3D63EBBEEF6A4941AE72EE1B /* TNSCalendar.framework */ = {isa = PBXFileReference; lastKnownFileType = wrapper.framework; name = TNSCalendar.framework; path = "$(SRCROOT)/../../node_modules/nativescript-pro-ui/platforms/ios/TNSCalendar.framework"; sourceTree = "<group>"; };
		6074EEB6CB244C0EBE4222F5 /* Assets.xcassets */ = {isa = PBXFileReference; fileEncoding = 4; lastKnownFileType = unknown; name = Assets.xcassets; path = shapp/Resources/Assets.xcassets; sourceTree = "<group>"; };
		706BC621C30DAAA216092A2C /* Pods_shapp.framework */ = {isa = PBXFileReference; explicitFileType = wrapper.framework; includeInIndex = 0; path = Pods_shapp.framework; sourceTree = BUILT_PRODUCTS_DIR; };
		729E1AB071DE4DC287FA5B6C /* TNSChart.framework */ = {isa = PBXFileReference; lastKnownFileType = wrapper.framework; name = TNSChart.framework; path = "$(SRCROOT)/../../node_modules/nativescript-pro-ui/platforms/ios/TNSChart.framework"; sourceTree = "<group>"; };
		858B832E18CA111C00AB12DE /* shapp.app */ = {isa = PBXFileReference; explicitFileType = wrapper.application; includeInIndex = 0; path = shapp.app; sourceTree = BUILT_PRODUCTS_DIR; };
		858B833918CA111C00AB12DE /* shapp-Info.plist */ = {isa = PBXFileReference; lastKnownFileType = text.plist.xml; path = "shapp-Info.plist"; sourceTree = "<group>"; };
		858B833B18CA111C00AB12DE /* en */ = {isa = PBXFileReference; lastKnownFileType = text.plist.strings; name = en; path = en.lproj/InfoPlist.strings; sourceTree = "<group>"; };
		858B833F18CA111C00AB12DE /* shapp-Prefix.pch */ = {isa = PBXFileReference; lastKnownFileType = sourcecode.c.h; path = "shapp-Prefix.pch"; sourceTree = "<group>"; };
		858B843318CA22B800AB12DE /* shapp.app */ = {isa = PBXFileReference; explicitFileType = wrapper.application; includeInIndex = 0; path = shapp.app; sourceTree = BUILT_PRODUCTS_DIR; };
		93EC79CE01BF4C5785B10F74 /* TNSDataForm.framework */ = {isa = PBXFileReference; lastKnownFileType = wrapper.framework; name = TNSDataForm.framework; path = "$(SRCROOT)/../../node_modules/nativescript-pro-ui/platforms/ios/TNSDataForm.framework"; sourceTree = "<group>"; };
		96190297A83A456C9991B406 /* navigation */ = {isa = PBXFileReference; fileEncoding = 4; lastKnownFileType = unknown; name = navigation; path = shapp/Resources/navigation; sourceTree = "<group>"; };
		B0C57A2D28714723B92D90C5 /* TelerikAppFeedback.framework */ = {isa = PBXFileReference; lastKnownFileType = wrapper.framework; name = TelerikAppFeedback.framework; path = "$(SRCROOT)/../../node_modules/nativescript-pro-ui/platforms/ios/TelerikAppFeedback.framework"; sourceTree = "<group>"; };
		CD45EE7A18DC2D5800FB50C0 /* app */ = {isa = PBXFileReference; lastKnownFileType = folder; path = app; sourceTree = "<group>"; };
		CD62955C1BB2678900AE3A93 /* main.m */ = {isa = PBXFileReference; fileEncoding = 4; lastKnownFileType = sourcecode.c.objc; name = main.m; path = internal/main.m; sourceTree = SOURCE_ROOT; };
		CDD59A261BB43B5D00EC2671 /* build-debug.xcconfig */ = {isa = PBXFileReference; fileEncoding = 4; lastKnownFileType = text.xcconfig; path = "build-debug.xcconfig"; sourceTree = "<group>"; };
		CDD59A271BB43B5D00EC2671 /* build-release.xcconfig */ = {isa = PBXFileReference; fileEncoding = 4; lastKnownFileType = text.xcconfig; path = "build-release.xcconfig"; sourceTree = "<group>"; };
		CDF4743E1BA4855C0087EA85 /* build.xcconfig */ = {isa = PBXFileReference; fileEncoding = 4; lastKnownFileType = text.xcconfig; path = build.xcconfig; sourceTree = "<group>"; };
		CE107AFBE26046068621E9DE /* TNSCore.framework */ = {isa = PBXFileReference; lastKnownFileType = wrapper.framework; name = TNSCore.framework; path = "$(SRCROOT)/../../node_modules/nativescript-pro-ui/platforms/ios/TNSCore.framework"; sourceTree = "<group>"; };
		D29FE2C0BEF745A4BAE7DC6F /* TNSSideDrawer.framework */ = {isa = PBXFileReference; lastKnownFileType = wrapper.framework; name = TNSSideDrawer.framework; path = "$(SRCROOT)/../../node_modules/nativescript-pro-ui/platforms/ios/TNSSideDrawer.framework"; sourceTree = "<group>"; };
		E29BFBFE79694595BC1392DE /* LaunchScreen.storyboard */ = {isa = PBXFileReference; fileEncoding = 4; lastKnownFileType = unknown; name = LaunchScreen.storyboard; path = shapp/Resources/LaunchScreen.storyboard; sourceTree = "<group>"; };
		EE03FEF3326241C2800295F4 /* TNSGauge.framework */ = {isa = PBXFileReference; lastKnownFileType = wrapper.framework; name = TNSGauge.framework; path = "$(SRCROOT)/../../node_modules/nativescript-pro-ui/platforms/ios/TNSGauge.framework"; sourceTree = "<group>"; };
		F4FA195FC8AB49BF834F9B39 /* TNSListView.framework */ = {isa = PBXFileReference; lastKnownFileType = wrapper.framework; name = TNSListView.framework; path = "$(SRCROOT)/../../node_modules/nativescript-pro-ui/platforms/ios/TNSListView.framework"; sourceTree = "<group>"; };
		FCFE71571FEC48968AB62A42 /* shapp.entitlements */ = {isa = PBXFileReference; fileEncoding = 4; lastKnownFileType = unknown; name = shapp.entitlements; path = shapp/Resources/shapp.entitlements; sourceTree = "<group>"; };
		FDE6E0639A8045C0A19F6715 /* TNSWidgets.framework */ = {isa = PBXFileReference; lastKnownFileType = wrapper.framework; name = TNSWidgets.framework; path = "$(SRCROOT)/../../node_modules/tns-core-modules-widgets/platforms/ios/TNSWidgets.framework"; sourceTree = "<group>"; };
/* End PBXFileReference section */

/* Begin PBXFrameworksBuildPhase section */
		858B83F418CA22B800AB12DE /* Frameworks */ = {
			isa = PBXFrameworksBuildPhase;
			buildActionMask = 2147483647;
			files = (
				54219B90DF4C41D6BF473A72 /* TNSAutoComplete.framework in Frameworks */,
				B2CFC61E922244EEB8B78F97 /* TNSCalendar.framework in Frameworks */,
				8E2AE0500B1D4AAE85362A0D /* TNSChart.framework in Frameworks */,
				90112BED024649A6B2CBC836 /* TNSCore.framework in Frameworks */,
				BF4C0E566B92445EA41A9D88 /* TNSDataForm.framework in Frameworks */,
				066C046B50AD417AA702705B /* TNSGauge.framework in Frameworks */,
				5134A50723E045BB861A4795 /* TNSListView.framework in Frameworks */,
				0D8ED3A901AC46CC9FDCA7E9 /* TNSSideDrawer.framework in Frameworks */,
				D4B7D7A8BAE2400889EAA113 /* TelerikAppFeedback.framework in Frameworks */,
				D3B46B75CBD445CC836F562A /* TNSWidgets.framework in Frameworks */,
				9C5FCF428FC98BCCD8AB7220 /* Pods_shapp.framework in Frameworks */,
			);
			runOnlyForDeploymentPostprocessing = 0;
		};
/* End PBXFrameworksBuildPhase section */

/* Begin PBXGroup section */
		858B832518CA111C00AB12DE = {
			isa = PBXGroup;
			children = (
				E070579D1B39A9D000214BF1 /* Resources */,
				858B833718CA111C00AB12DE /* shapp */,
				858B833018CA111C00AB12DE /* Frameworks */,
				858B832F18CA111C00AB12DE /* Products */,
				87FA9B8FA87391B18901FD35 /* Pods */,
			);
			sourceTree = "<group>";
		};
		858B832F18CA111C00AB12DE /* Products */ = {
			isa = PBXGroup;
			children = (
				858B832E18CA111C00AB12DE /* shapp.app */,
				858B843318CA22B800AB12DE /* shapp.app */,
			);
			name = Products;
			sourceTree = "<group>";
		};
		858B833018CA111C00AB12DE /* Frameworks */ = {
			isa = PBXGroup;
			children = (
				029B43FDDE6B4FA7A2CF5D6C /* TNSAutoComplete.framework */,
				3D63EBBEEF6A4941AE72EE1B /* TNSCalendar.framework */,
				729E1AB071DE4DC287FA5B6C /* TNSChart.framework */,
				CE107AFBE26046068621E9DE /* TNSCore.framework */,
				93EC79CE01BF4C5785B10F74 /* TNSDataForm.framework */,
				EE03FEF3326241C2800295F4 /* TNSGauge.framework */,
				F4FA195FC8AB49BF834F9B39 /* TNSListView.framework */,
				D29FE2C0BEF745A4BAE7DC6F /* TNSSideDrawer.framework */,
				B0C57A2D28714723B92D90C5 /* TelerikAppFeedback.framework */,
				FDE6E0639A8045C0A19F6715 /* TNSWidgets.framework */,
				706BC621C30DAAA216092A2C /* Pods_shapp.framework */,
			);
			name = Frameworks;
			sourceTree = "<group>";
		};
		858B833718CA111C00AB12DE /* shapp */ = {
			isa = PBXGroup;
			children = (
				CD45EE7A18DC2D5800FB50C0 /* app */,
				858B833818CA111C00AB12DE /* Supporting Files */,
			);
			path = shapp;
			sourceTree = "<group>";
		};
		858B833818CA111C00AB12DE /* Supporting Files */ = {
			isa = PBXGroup;
			children = (
				CDF4743E1BA4855C0087EA85 /* build.xcconfig */,
				CDD59A261BB43B5D00EC2671 /* build-debug.xcconfig */,
				CDD59A271BB43B5D00EC2671 /* build-release.xcconfig */,
				858B833918CA111C00AB12DE /* shapp-Info.plist */,
				858B833A18CA111C00AB12DE /* InfoPlist.strings */,
				CD62955C1BB2678900AE3A93 /* main.m */,
				858B833F18CA111C00AB12DE /* shapp-Prefix.pch */,
			);
			name = "Supporting Files";
			sourceTree = "<group>";
		};
		87FA9B8FA87391B18901FD35 /* Pods */ = {
			isa = PBXGroup;
			children = (
			);
			name = Pods;
			sourceTree = "<group>";
		};
		E070579D1B39A9D000214BF1 /* Resources */ = {
			isa = PBXGroup;
			children = (
				6074EEB6CB244C0EBE4222F5 /* Assets.xcassets */,
				0985E09959F94663AD81AFCE /* GoogleService-Info.plist */,
				E29BFBFE79694595BC1392DE /* LaunchScreen.storyboard */,
				348C0599AC0D47509A32E9D2 /* build.xcconfig */,
				96190297A83A456C9991B406 /* navigation */,
				FCFE71571FEC48968AB62A42 /* shapp.entitlements */,
			);
			name = Resources;
			sourceTree = "<group>";
		};
/* End PBXGroup section */

/* Begin PBXNativeTarget section */
		858B83EF18CA22B800AB12DE /* shapp */ = {
			isa = PBXNativeTarget;
			buildConfigurationList = 858B843018CA22B800AB12DE /* Build configuration list for PBXNativeTarget "shapp" */;
			buildPhases = (
				F1597F26FFFA9A7EDEFA591B /* [CP] Check Pods Manifest.lock */,
				C97FD7AC1ADE5369004DB2A4 /* NativeScript PreBuild */,
				858B83F218CA22B800AB12DE /* Sources */,
				CD62955B1BB2651D00AE3A93 /* NativeScript PreLink */,
				858B83F418CA22B800AB12DE /* Frameworks */,
				858B842C18CA22B800AB12DE /* Resources */,
				85F5BDFC1A9363BE006B9701 /* Embed Frameworks */,
				CD3EAD351B05FF060042DBFC /* NativeScript PostBuild */,
				A1587CF737B7C28A0DB1BE82 /* [CP] Embed Pods Frameworks */,
				447C8F771639D94BCA9A42D9 /* [CP] Copy Pods Resources */,
			);
			buildRules = (
			);
			dependencies = (
			);
			name = shapp;
			productName = JDBridgeApp;
			productReference = 858B843318CA22B800AB12DE /* shapp.app */;
			productType = "com.apple.product-type.application";
		};
/* End PBXNativeTarget section */

/* Begin PBXProject section */
		858B832618CA111C00AB12DE /* Project object */ = {
			isa = PBXProject;
			attributes = {
				CLASSPREFIX = TNS;
				LastUpgradeCheck = 500;
				ORGANIZATIONNAME = Telerik;
			};
			buildConfigurationList = 858B832918CA111C00AB12DE /* Build configuration list for PBXProject "shapp" */;
			compatibilityVersion = "Xcode 3.2";
			developmentRegion = English;
			hasScannedForEncodings = 0;
			knownRegions = (
				en,
			);
			mainGroup = 858B832518CA111C00AB12DE;
			productRefGroup = 858B832F18CA111C00AB12DE /* Products */;
			projectDirPath = "";
			projectRoot = "";
			targets = (
				858B83EF18CA22B800AB12DE /* shapp */,
			);
		};
/* End PBXProject section */

/* Begin PBXResourcesBuildPhase section */
		858B842C18CA22B800AB12DE /* Resources */ = {
			isa = PBXResourcesBuildPhase;
			buildActionMask = 2147483647;
			files = (
				CD45EE7C18DC2D5800FB50C0 /* app in Resources */,
				858B842D18CA22B800AB12DE /* InfoPlist.strings in Resources */,
				888EC7EF6DD04AD8B9D0A422 /* Assets.xcassets in Resources */,
				AE68436234CF415BADDFC18A /* GoogleService-Info.plist in Resources */,
				36BE7749CC1D48E1A9F8AA39 /* LaunchScreen.storyboard in Resources */,
				F0FF3A9A4AF94AE8AA5EA547 /* build.xcconfig in Resources */,
				0C58EAB0433D4B7EA9E7E7E9 /* navigation in Resources */,
				2CD2F51D93BE46599C2F4B47 /* shapp.entitlements in Resources */,
			);
			runOnlyForDeploymentPostprocessing = 0;
		};
/* End PBXResourcesBuildPhase section */

/* Begin PBXShellScriptBuildPhase section */
		447C8F771639D94BCA9A42D9 /* [CP] Copy Pods Resources */ = {
			isa = PBXShellScriptBuildPhase;
			buildActionMask = 2147483647;
			files = (
			);
			inputPaths = (
				"${SRCROOT}/Pods/Target Support Files/Pods-shapp/Pods-shapp-resources.sh",
				"${PODS_ROOT}/FirebaseInvites/Resources/GINInviteResources.bundle",
				"${PODS_ROOT}/FirebaseInvites/Resources/GPPACLPickerResources.bundle",
				"${PODS_ROOT}/GoogleSignIn/Resources/GoogleSignIn.bundle",
			);
			name = "[CP] Copy Pods Resources";
			outputPaths = (
				"${TARGET_BUILD_DIR}/${UNLOCALIZED_RESOURCES_FOLDER_PATH}/GINInviteResources.bundle",
				"${TARGET_BUILD_DIR}/${UNLOCALIZED_RESOURCES_FOLDER_PATH}/GPPACLPickerResources.bundle",
				"${TARGET_BUILD_DIR}/${UNLOCALIZED_RESOURCES_FOLDER_PATH}/GoogleSignIn.bundle",
			);
			runOnlyForDeploymentPostprocessing = 0;
			shellPath = /bin/sh;
			shellScript = "\"${SRCROOT}/Pods/Target Support Files/Pods-shapp/Pods-shapp-resources.sh\"\n";
			showEnvVarsInLog = 0;
		};
		A1587CF737B7C28A0DB1BE82 /* [CP] Embed Pods Frameworks */ = {
			isa = PBXShellScriptBuildPhase;
			buildActionMask = 2147483647;
			files = (
			);
			inputPaths = (
				"${SRCROOT}/Pods/Target Support Files/Pods-shapp/Pods-shapp-frameworks.sh",
				"${BUILT_PRODUCTS_DIR}/Bolts/Bolts.framework",
				"${BUILT_PRODUCTS_DIR}/FBSDKCoreKit/FBSDKCoreKit.framework",
				"${BUILT_PRODUCTS_DIR}/FBSDKLoginKit/FBSDKLoginKit.framework",
				"${BUILT_PRODUCTS_DIR}/GTMOAuth2/GTMOAuth2.framework",
				"${BUILT_PRODUCTS_DIR}/GTMSessionFetcher/GTMSessionFetcher.framework",
				"${BUILT_PRODUCTS_DIR}/GoogleAPIClientForREST/GoogleAPIClientForREST.framework",
				"${BUILT_PRODUCTS_DIR}/GoogleToolboxForMac/GoogleToolboxForMac.framework",
				"${BUILT_PRODUCTS_DIR}/Protobuf/Protobuf.framework",
				"${BUILT_PRODUCTS_DIR}/SSSnackbar/SSSnackbar.framework",
				"${BUILT_PRODUCTS_DIR}/leveldb-library/leveldb.framework",
				"${BUILT_PRODUCTS_DIR}/nanopb/nanopb.framework",
			);
			name = "[CP] Embed Pods Frameworks";
			outputPaths = (
				"${TARGET_BUILD_DIR}/${FRAMEWORKS_FOLDER_PATH}/Bolts.framework",
				"${TARGET_BUILD_DIR}/${FRAMEWORKS_FOLDER_PATH}/FBSDKCoreKit.framework",
				"${TARGET_BUILD_DIR}/${FRAMEWORKS_FOLDER_PATH}/FBSDKLoginKit.framework",
				"${TARGET_BUILD_DIR}/${FRAMEWORKS_FOLDER_PATH}/GTMOAuth2.framework",
				"${TARGET_BUILD_DIR}/${FRAMEWORKS_FOLDER_PATH}/GTMSessionFetcher.framework",
				"${TARGET_BUILD_DIR}/${FRAMEWORKS_FOLDER_PATH}/GoogleAPIClientForREST.framework",
				"${TARGET_BUILD_DIR}/${FRAMEWORKS_FOLDER_PATH}/GoogleToolboxForMac.framework",
				"${TARGET_BUILD_DIR}/${FRAMEWORKS_FOLDER_PATH}/Protobuf.framework",
				"${TARGET_BUILD_DIR}/${FRAMEWORKS_FOLDER_PATH}/SSSnackbar.framework",
				"${TARGET_BUILD_DIR}/${FRAMEWORKS_FOLDER_PATH}/leveldb.framework",
				"${TARGET_BUILD_DIR}/${FRAMEWORKS_FOLDER_PATH}/nanopb.framework",
			);
			runOnlyForDeploymentPostprocessing = 0;
			shellPath = /bin/sh;
			shellScript = "\"${SRCROOT}/Pods/Target Support Files/Pods-shapp/Pods-shapp-frameworks.sh\"\n";
			showEnvVarsInLog = 0;
		};
		C97FD7AC1ADE5369004DB2A4 /* NativeScript PreBuild */ = {
			isa = PBXShellScriptBuildPhase;
			buildActionMask = 2147483647;
			files = (
			);
			inputPaths = (
			);
			name = "NativeScript PreBuild";
			outputPaths = (
			);
			runOnlyForDeploymentPostprocessing = 0;
			shellPath = /bin/sh;
			shellScript = "\"$SRCROOT/internal/nativescript-pre-build\"";
			showEnvVarsInLog = 0;
		};
		CD3EAD351B05FF060042DBFC /* NativeScript PostBuild */ = {
			isa = PBXShellScriptBuildPhase;
			buildActionMask = 2147483647;
			files = (
			);
			inputPaths = (
			);
			name = "NativeScript PostBuild";
			outputPaths = (
			);
			runOnlyForDeploymentPostprocessing = 0;
			shellPath = /bin/sh;
			shellScript = "\"$SRCROOT/internal/nativescript-post-build\"";
			showEnvVarsInLog = 0;
		};
		CD62955B1BB2651D00AE3A93 /* NativeScript PreLink */ = {
			isa = PBXShellScriptBuildPhase;
			buildActionMask = 2147483647;
			files = (
			);
			inputPaths = (
			);
			name = "NativeScript PreLink";
			outputPaths = (
			);
			runOnlyForDeploymentPostprocessing = 0;
			shellPath = /bin/sh;
			shellScript = "\"$SRCROOT/internal/nativescript-pre-link\"";
			showEnvVarsInLog = 0;
		};
		F1597F26FFFA9A7EDEFA591B /* [CP] Check Pods Manifest.lock */ = {
			isa = PBXShellScriptBuildPhase;
			buildActionMask = 2147483647;
			files = (
			);
			inputPaths = (
				"${PODS_PODFILE_DIR_PATH}/Podfile.lock",
				"${PODS_ROOT}/Manifest.lock",
			);
			name = "[CP] Check Pods Manifest.lock";
			outputPaths = (
				"$(DERIVED_FILE_DIR)/Pods-shapp-checkManifestLockResult.txt",
			);
			runOnlyForDeploymentPostprocessing = 0;
			shellPath = /bin/sh;
			shellScript = "diff \"${PODS_PODFILE_DIR_PATH}/Podfile.lock\" \"${PODS_ROOT}/Manifest.lock\" > /dev/null\nif [ $? != 0 ] ; then\n    # print error to STDERR\n    echo \"error: The sandbox is not in sync with the Podfile.lock. Run 'pod install' or update your CocoaPods installation.\" >&2\n    exit 1\nfi\n# This output is used by Xcode 'outputs' to avoid re-running this script phase.\necho \"SUCCESS\" > \"${SCRIPT_OUTPUT_FILE_0}\"\n";
			showEnvVarsInLog = 0;
		};
/* End PBXShellScriptBuildPhase section */

/* Begin PBXSourcesBuildPhase section */
		858B83F218CA22B800AB12DE /* Sources */ = {
			isa = PBXSourcesBuildPhase;
			buildActionMask = 2147483647;
			files = (
				CD62955D1BB2678900AE3A93 /* main.m in Sources */,
			);
			runOnlyForDeploymentPostprocessing = 0;
		};
/* End PBXSourcesBuildPhase section */

/* Begin PBXVariantGroup section */
		858B833A18CA111C00AB12DE /* InfoPlist.strings */ = {
			isa = PBXVariantGroup;
			children = (
				858B833B18CA111C00AB12DE /* en */,
			);
			name = InfoPlist.strings;
			sourceTree = "<group>";
		};
/* End PBXVariantGroup section */

/* Begin XCBuildConfiguration section */
		858B835818CA111C00AB12DE /* Debug */ = {
			isa = XCBuildConfiguration;
			buildSettings = {
				ALWAYS_SEARCH_USER_PATHS = NO;
				ARCHS = "$(ARCHS_STANDARD)";
				CLANG_CXX_LANGUAGE_STANDARD = "gnu++0x";
				CLANG_CXX_LIBRARY = "libc++";
				CLANG_ENABLE_MODULES = YES;
				CLANG_ENABLE_OBJC_ARC = YES;
				CLANG_WARN_BOOL_CONVERSION = YES;
				CLANG_WARN_CONSTANT_CONVERSION = YES;
				CLANG_WARN_DIRECT_OBJC_ISA_USAGE = YES_ERROR;
				CLANG_WARN_EMPTY_BODY = YES;
				CLANG_WARN_ENUM_CONVERSION = YES;
				CLANG_WARN_INT_CONVERSION = YES;
				CLANG_WARN_OBJC_ROOT_CLASS = YES_ERROR;
				CLANG_WARN__DUPLICATE_METHOD_MATCH = YES;
				"CODE_SIGN_IDENTITY[sdk=iphoneos*]" = "iPhone Developer";
				COPY_PHASE_STRIP = NO;
				GCC_C_LANGUAGE_STANDARD = gnu99;
				GCC_DYNAMIC_NO_PIC = NO;
				GCC_OPTIMIZATION_LEVEL = 0;
				GCC_SYMBOLS_PRIVATE_EXTERN = NO;
				GCC_WARN_64_TO_32_BIT_CONVERSION = YES;
				GCC_WARN_ABOUT_RETURN_TYPE = YES_ERROR;
				GCC_WARN_UNDECLARED_SELECTOR = YES;
				GCC_WARN_UNINITIALIZED_AUTOS = YES;
				GCC_WARN_UNUSED_FUNCTION = YES;
				GCC_WARN_UNUSED_VARIABLE = YES;
				IPHONEOS_DEPLOYMENT_TARGET = 8.0;
				ONLY_ACTIVE_ARCH = YES;
				SDKROOT = iphoneos;
				TARGETED_DEVICE_FAMILY = "1,2";
				VALID_ARCHS = "armv7 arm64";
			};
			name = Debug;
		};
		858B835918CA111C00AB12DE /* Release */ = {
			isa = XCBuildConfiguration;
			buildSettings = {
				ALWAYS_SEARCH_USER_PATHS = NO;
				ARCHS = "$(ARCHS_STANDARD)";
				CLANG_CXX_LANGUAGE_STANDARD = "gnu++0x";
				CLANG_CXX_LIBRARY = "libc++";
				CLANG_ENABLE_MODULES = YES;
				CLANG_ENABLE_OBJC_ARC = YES;
				CLANG_WARN_BOOL_CONVERSION = YES;
				CLANG_WARN_CONSTANT_CONVERSION = YES;
				CLANG_WARN_DIRECT_OBJC_ISA_USAGE = YES_ERROR;
				CLANG_WARN_EMPTY_BODY = YES;
				CLANG_WARN_ENUM_CONVERSION = YES;
				CLANG_WARN_INT_CONVERSION = YES;
				CLANG_WARN_OBJC_ROOT_CLASS = YES_ERROR;
				CLANG_WARN__DUPLICATE_METHOD_MATCH = YES;
				"CODE_SIGN_IDENTITY[sdk=iphoneos*]" = "iPhone Developer";
				COPY_PHASE_STRIP = YES;
				ENABLE_NS_ASSERTIONS = NO;
				GCC_C_LANGUAGE_STANDARD = gnu99;
				GCC_WARN_64_TO_32_BIT_CONVERSION = YES;
				GCC_WARN_ABOUT_RETURN_TYPE = YES_ERROR;
				GCC_WARN_UNDECLARED_SELECTOR = YES;
				GCC_WARN_UNINITIALIZED_AUTOS = YES;
				GCC_WARN_UNUSED_FUNCTION = YES;
				GCC_WARN_UNUSED_VARIABLE = YES;
				IPHONEOS_DEPLOYMENT_TARGET = 8.0;
				SDKROOT = iphoneos;
				TARGETED_DEVICE_FAMILY = "1,2";
				VALIDATE_PRODUCT = YES;
				VALID_ARCHS = "armv7 arm64";
			};
			name = Release;
		};
		858B843118CA22B800AB12DE /* Debug */ = {
			isa = XCBuildConfiguration;
			baseConfigurationReference = CDD59A261BB43B5D00EC2671 /* build-debug.xcconfig */;
			buildSettings = {
				ARCHS = "$(ARCHS_STANDARD)";
				CLANG_ENABLE_MODULES = NO;
				CLANG_MODULES_AUTOLINK = NO;
				ENABLE_BITCODE = NO;
				FRAMEWORK_SEARCH_PATHS = (
					"$(inherited)",
					"\"$(SRCROOT)/../../node_modules/nativescript-pro-ui/platforms/ios\"",
					"\"$(SRCROOT)/../../node_modules/nativescript-pro-ui/platforms/ios\"",
					"\"$(SRCROOT)/../../node_modules/nativescript-pro-ui/platforms/ios\"",
					"\"$(SRCROOT)/../../node_modules/nativescript-pro-ui/platforms/ios\"",
					"\"$(SRCROOT)/../../node_modules/nativescript-pro-ui/platforms/ios\"",
					"\"$(SRCROOT)/../../node_modules/nativescript-pro-ui/platforms/ios\"",
					"\"$(SRCROOT)/../../node_modules/nativescript-pro-ui/platforms/ios\"",
					"\"$(SRCROOT)/../../node_modules/nativescript-pro-ui/platforms/ios\"",
					"\"$(SRCROOT)/../../node_modules/nativescript-pro-ui/platforms/ios\"",
					"\"$(SRCROOT)/../../node_modules/tns-core-modules-widgets/platforms/ios\"",
				);
				GCC_PRECOMPILE_PREFIX_HEADER = YES;
				GCC_PREFIX_HEADER = "shapp/shapp-Prefix.pch";
				GCC_PREPROCESSOR_DEFINITIONS = (
					"$(inherited)",
					"DEBUG=1",
				);
				INFOPLIST_FILE = "$(SRCROOT)/shapp/shapp-Info.plist";
				LD_RUNPATH_SEARCH_PATHS = "$(inherited) @executable_path/Frameworks";
				PRODUCT_NAME = shapp;
				VALID_ARCHS = "armv7 arm64";
				WRAPPER_EXTENSION = app;
			};
			name = Debug;
		};
		858B843218CA22B800AB12DE /* Release */ = {
			isa = XCBuildConfiguration;
			baseConfigurationReference = CDD59A271BB43B5D00EC2671 /* build-release.xcconfig */;
			buildSettings = {
				ARCHS = "$(ARCHS_STANDARD)";
				CLANG_ENABLE_MODULES = NO;
				CLANG_MODULES_AUTOLINK = NO;
				ENABLE_BITCODE = NO;
				FRAMEWORK_SEARCH_PATHS = (
					"$(inherited)",
					"\"$(SRCROOT)/../../node_modules/nativescript-pro-ui/platforms/ios\"",
					"\"$(SRCROOT)/../../node_modules/nativescript-pro-ui/platforms/ios\"",
					"\"$(SRCROOT)/../../node_modules/nativescript-pro-ui/platforms/ios\"",
					"\"$(SRCROOT)/../../node_modules/nativescript-pro-ui/platforms/ios\"",
					"\"$(SRCROOT)/../../node_modules/nativescript-pro-ui/platforms/ios\"",
					"\"$(SRCROOT)/../../node_modules/nativescript-pro-ui/platforms/ios\"",
					"\"$(SRCROOT)/../../node_modules/nativescript-pro-ui/platforms/ios\"",
					"\"$(SRCROOT)/../../node_modules/nativescript-pro-ui/platforms/ios\"",
					"\"$(SRCROOT)/../../node_modules/nativescript-pro-ui/platforms/ios\"",
					"\"$(SRCROOT)/../../node_modules/tns-core-modules-widgets/platforms/ios\"",
				);
				GCC_PRECOMPILE_PREFIX_HEADER = YES;
				GCC_PREFIX_HEADER = "shapp/shapp-Prefix.pch";
				INFOPLIST_FILE = "$(SRCROOT)/shapp/shapp-Info.plist";
				LD_RUNPATH_SEARCH_PATHS = "$(inherited) @executable_path/Frameworks";
				PRODUCT_NAME = shapp;
				VALID_ARCHS = "armv7 arm64";
				WRAPPER_EXTENSION = app;
			};
			name = Release;
		};
/* End XCBuildConfiguration section */

/* Begin XCConfigurationList section */
		858B832918CA111C00AB12DE /* Build configuration list for PBXProject "shapp" */ = {
			isa = XCConfigurationList;
			buildConfigurations = (
				858B835818CA111C00AB12DE /* Debug */,
				858B835918CA111C00AB12DE /* Release */,
			);
			defaultConfigurationIsVisible = 0;
			defaultConfigurationName = Release;
		};
		858B843018CA22B800AB12DE /* Build configuration list for PBXNativeTarget "shapp" */ = {
			isa = XCConfigurationList;
			buildConfigurations = (
				858B843118CA22B800AB12DE /* Debug */,
				858B843218CA22B800AB12DE /* Release */,
			);
			defaultConfigurationIsVisible = 0;
			defaultConfigurationName = Release;
		};
/* End XCConfigurationList section */
	};
	rootObject = 858B832618CA111C00AB12DE /* Project object */;
}
